// !$*UTF8*$!
{
	archiveVersion = 1;
	classes = {
	};
	objectVersion = 50;
	objects = {

/* Begin PBXBuildFile section */
		DA0CEBA426DFB240003B1C2A /* GreenPowerUp.atlas in Resources */ = {isa = PBXBuildFile; fileRef = DA0CEBA326DFB240003B1C2A /* GreenPowerUp.atlas */; };
		DA0CEBA726DFB37F003B1C2A /* BluePowerUp.atlas in Resources */ = {isa = PBXBuildFile; fileRef = DA0CEBA626DFB37F003B1C2A /* BluePowerUp.atlas */; };
		DA0CEBA926DFFD8E003B1C2A /* YellowAmmo.atlas in Resources */ = {isa = PBXBuildFile; fileRef = DA0CEBA826DFFD8E003B1C2A /* YellowAmmo.atlas */; };
		DA0CEBAC26E0AF18003B1C2A /* Shot.swift in Sources */ = {isa = PBXBuildFile; fileRef = DA0CEBAB26E0AF18003B1C2A /* Shot.swift */; };
		DA0CEBAE26E0B104003B1C2A /* YellowAmmo.swift in Sources */ = {isa = PBXBuildFile; fileRef = DA0CEBAD26E0B104003B1C2A /* YellowAmmo.swift */; };
		DA514F1D26D973D6006AAC33 /* Background.swift in Sources */ = {isa = PBXBuildFile; fileRef = DA514F1C26D973D6006AAC33 /* Background.swift */; };
		DA514F1F26DACE09006AAC33 /* Island.swift in Sources */ = {isa = PBXBuildFile; fileRef = DA514F1E26DACE09006AAC33 /* Island.swift */; };
		DA514F2126DBFE38006AAC33 /* Cloud.swift in Sources */ = {isa = PBXBuildFile; fileRef = DA514F2026DBFE38006AAC33 /* Cloud.swift */; };
		DA514F2326DC1A4D006AAC33 /* PlayerPlane.swift in Sources */ = {isa = PBXBuildFile; fileRef = DA514F2226DC1A4D006AAC33 /* PlayerPlane.swift */; };
		DA514F2526DC1B02006AAC33 /* PlayerPlane.atlas in Resources */ = {isa = PBXBuildFile; fileRef = DA514F2426DC1B02006AAC33 /* PlayerPlane.atlas */; };
		DA514F2726DCB93D006AAC33 /* Protocol GameBackgroundSpriteable + Extesion.swift in Sources */ = {isa = PBXBuildFile; fileRef = DA514F2626DCB93D006AAC33 /* Protocol GameBackgroundSpriteable + Extesion.swift */; };
		DA514F2B26DD0C52006AAC33 /* PowerUp.swift in Sources */ = {isa = PBXBuildFile; fileRef = DA514F2A26DD0C52006AAC33 /* PowerUp.swift */; };
		DA514F2D26DE3B5E006AAC33 /* Enemy_1.atlas in Resources */ = {isa = PBXBuildFile; fileRef = DA514F2C26DE3B5E006AAC33 /* Enemy_1.atlas */; };
		DA514F2F26DE41AB006AAC33 /* Enemy.swift in Sources */ = {isa = PBXBuildFile; fileRef = DA514F2E26DE41AB006AAC33 /* Enemy.swift */; };
		DA514F3126DF7514006AAC33 /* Enemy_2.atlas in Resources */ = {isa = PBXBuildFile; fileRef = DA514F3026DF7514006AAC33 /* Enemy_2.atlas */; };
		DA514F3626DFABFF006AAC33 /* BluePowerUp.swift in Sources */ = {isa = PBXBuildFile; fileRef = DA514F3526DFABFF006AAC33 /* BluePowerUp.swift */; };
		DA514F3826DFAC08006AAC33 /* GreenPowerUp.swift in Sources */ = {isa = PBXBuildFile; fileRef = DA514F3726DFAC08006AAC33 /* GreenPowerUp.swift */; };
		DA5AF7FD26D654BF009BC50D /* AppDelegate.swift in Sources */ = {isa = PBXBuildFile; fileRef = DA5AF7FC26D654BF009BC50D /* AppDelegate.swift */; };
		DA5AF80326D654BF009BC50D /* GameScene.swift in Sources */ = {isa = PBXBuildFile; fileRef = DA5AF80226D654BF009BC50D /* GameScene.swift */; };
		DA5AF80526D654BF009BC50D /* GameViewController.swift in Sources */ = {isa = PBXBuildFile; fileRef = DA5AF80426D654BF009BC50D /* GameViewController.swift */; };
		DA5AF80826D654BF009BC50D /* Main.storyboard in Resources */ = {isa = PBXBuildFile; fileRef = DA5AF80626D654BF009BC50D /* Main.storyboard */; };
		DA5EFC7A26E1FBE900F9BFE3 /* Assets.swift in Sources */ = {isa = PBXBuildFile; fileRef = DA5EFC7926E1FBE900F9BFE3 /* Assets.swift */; };
		DA5EFC7C26E2006500F9BFE3 /* MenuScene.swift in Sources */ = {isa = PBXBuildFile; fileRef = DA5EFC7B26E2006500F9BFE3 /* MenuScene.swift */; };
		DA5EFC7E26E203F200F9BFE3 /* BitMaskCategory.swift in Sources */ = {isa = PBXBuildFile; fileRef = DA5EFC7D26E203F200F9BFE3 /* BitMaskCategory.swift */; };
		DA5EFC8026E4DB0400F9BFE3 /* HUD.swift in Sources */ = {isa = PBXBuildFile; fileRef = DA5EFC7F26E4DB0400F9BFE3 /* HUD.swift */; };
		DACAE3E526E56416009012E1 /* ButtonNode.swift in Sources */ = {isa = PBXBuildFile; fileRef = DACAE3E426E56416009012E1 /* ButtonNode.swift */; };
		DACAE3E726E5FEA9009012E1 /* PauseScene.swift in Sources */ = {isa = PBXBuildFile; fileRef = DACAE3E626E5FEA9009012E1 /* PauseScene.swift */; };
		DACAE3E926E609EF009012E1 /* SceneManager.swift in Sources */ = {isa = PBXBuildFile; fileRef = DACAE3E826E609EF009012E1 /* SceneManager.swift */; };
		DACAE3EB26E6137E009012E1 /* ParentScene.swift in Sources */ = {isa = PBXBuildFile; fileRef = DACAE3EA26E6137E009012E1 /* ParentScene.swift */; };
		DACAE3ED26E61804009012E1 /* OptionsScene.swift in Sources */ = {isa = PBXBuildFile; fileRef = DACAE3EC26E61804009012E1 /* OptionsScene.swift */; };
		DACAE3EF26E6203F009012E1 /* BestScene.swift in Sources */ = {isa = PBXBuildFile; fileRef = DACAE3EE26E6203F009012E1 /* BestScene.swift */; };
		DACAE3F226E62848009012E1 /* EnemyExplosion.sks in Resources */ = {isa = PBXBuildFile; fileRef = DACAE3F026E62848009012E1 /* EnemyExplosion.sks */; };
		DACAE3F326E62848009012E1 /* Assets.xcassets in Resources */ = {isa = PBXBuildFile; fileRef = DACAE3F126E62848009012E1 /* Assets.xcassets */; };
		DACAE3FA26E740E0009012E1 /* GameOverScene.swift in Sources */ = {isa = PBXBuildFile; fileRef = DACAE3F926E740E0009012E1 /* GameOverScene.swift */; };
		DACAE40526E76174009012E1 /* hitSound.wav in Resources */ = {isa = PBXBuildFile; fileRef = DACAE40026E76174009012E1 /* hitSound.wav */; };
		DACAE40626E76174009012E1 /* powerUpEarned.wav in Resources */ = {isa = PBXBuildFile; fileRef = DACAE40126E76174009012E1 /* powerUpEarned.wav */; };
		DACAE40726E76174009012E1 /* shotSound.wav in Resources */ = {isa = PBXBuildFile; fileRef = DACAE40226E76174009012E1 /* shotSound.wav */; };
		DACAE40926E76174009012E1 /* damageSound.wav in Resources */ = {isa = PBXBuildFile; fileRef = DACAE40426E76174009012E1 /* damageSound.wav */; };
		DACAE40C26E76DF4009012E1 /* GameSettings.swift in Sources */ = {isa = PBXBuildFile; fileRef = DACAE40B26E76DF4009012E1 /* GameSettings.swift */; };
		DACAE41026E7883C009012E1 /* powerUpEarned_2.wav in Resources */ = {isa = PBXBuildFile; fileRef = DACAE40F26E7883C009012E1 /* powerUpEarned_2.wav */; };
		DACAE41426E7AB22009012E1 /* backgroundMusic.mp3 in Resources */ = {isa = PBXBuildFile; fileRef = DACAE41326E7AB22009012E1 /* backgroundMusic.mp3 */; };
		DACAE41626E7ACF0009012E1 /* menuMoveSound.wav in Resources */ = {isa = PBXBuildFile; fileRef = DACAE41526E7ACF0009012E1 /* menuMoveSound.wav */; };
/* End PBXBuildFile section */

/* Begin PBXFileReference section */
		DA0CEBA326DFB240003B1C2A /* GreenPowerUp.atlas */ = {isa = PBXFileReference; lastKnownFileType = folder.skatlas; path = GreenPowerUp.atlas; sourceTree = "<group>"; };
		DA0CEBA626DFB37F003B1C2A /* BluePowerUp.atlas */ = {isa = PBXFileReference; lastKnownFileType = folder.skatlas; path = BluePowerUp.atlas; sourceTree = "<group>"; };
		DA0CEBA826DFFD8E003B1C2A /* YellowAmmo.atlas */ = {isa = PBXFileReference; lastKnownFileType = folder.skatlas; path = YellowAmmo.atlas; sourceTree = "<group>"; };
		DA0CEBAB26E0AF18003B1C2A /* Shot.swift */ = {isa = PBXFileReference; lastKnownFileType = sourcecode.swift; path = Shot.swift; sourceTree = "<group>"; };
		DA0CEBAD26E0B104003B1C2A /* YellowAmmo.swift */ = {isa = PBXFileReference; lastKnownFileType = sourcecode.swift; path = YellowAmmo.swift; sourceTree = "<group>"; };
		DA514F1C26D973D6006AAC33 /* Background.swift */ = {isa = PBXFileReference; lastKnownFileType = sourcecode.swift; path = Background.swift; sourceTree = "<group>"; };
		DA514F1E26DACE09006AAC33 /* Island.swift */ = {isa = PBXFileReference; lastKnownFileType = sourcecode.swift; path = Island.swift; sourceTree = "<group>"; };
		DA514F2026DBFE38006AAC33 /* Cloud.swift */ = {isa = PBXFileReference; lastKnownFileType = sourcecode.swift; path = Cloud.swift; sourceTree = "<group>"; };
		DA514F2226DC1A4D006AAC33 /* PlayerPlane.swift */ = {isa = PBXFileReference; lastKnownFileType = sourcecode.swift; path = PlayerPlane.swift; sourceTree = "<group>"; };
		DA514F2426DC1B02006AAC33 /* PlayerPlane.atlas */ = {isa = PBXFileReference; lastKnownFileType = folder.skatlas; path = PlayerPlane.atlas; sourceTree = "<group>"; };
		DA514F2626DCB93D006AAC33 /* Protocol GameBackgroundSpriteable + Extesion.swift */ = {isa = PBXFileReference; lastKnownFileType = sourcecode.swift; path = "Protocol GameBackgroundSpriteable + Extesion.swift"; sourceTree = "<group>"; };
		DA514F2A26DD0C52006AAC33 /* PowerUp.swift */ = {isa = PBXFileReference; lastKnownFileType = sourcecode.swift; path = PowerUp.swift; sourceTree = "<group>"; };
		DA514F2C26DE3B5E006AAC33 /* Enemy_1.atlas */ = {isa = PBXFileReference; lastKnownFileType = folder.skatlas; path = Enemy_1.atlas; sourceTree = "<group>"; };
		DA514F2E26DE41AB006AAC33 /* Enemy.swift */ = {isa = PBXFileReference; lastKnownFileType = sourcecode.swift; path = Enemy.swift; sourceTree = "<group>"; };
		DA514F3026DF7514006AAC33 /* Enemy_2.atlas */ = {isa = PBXFileReference; lastKnownFileType = folder.skatlas; path = Enemy_2.atlas; sourceTree = "<group>"; };
		DA514F3326DF8F6A006AAC33 /* Info.plist */ = {isa = PBXFileReference; lastKnownFileType = text.plist.xml; path = Info.plist; sourceTree = "<group>"; };
		DA514F3526DFABFF006AAC33 /* BluePowerUp.swift */ = {isa = PBXFileReference; lastKnownFileType = sourcecode.swift; path = BluePowerUp.swift; sourceTree = "<group>"; };
		DA514F3726DFAC08006AAC33 /* GreenPowerUp.swift */ = {isa = PBXFileReference; lastKnownFileType = sourcecode.swift; path = GreenPowerUp.swift; sourceTree = "<group>"; };
		DA5AF7F926D654BF009BC50D /* WarFly.app */ = {isa = PBXFileReference; explicitFileType = wrapper.application; includeInIndex = 0; path = WarFly.app; sourceTree = BUILT_PRODUCTS_DIR; };
		DA5AF7FC26D654BF009BC50D /* AppDelegate.swift */ = {isa = PBXFileReference; lastKnownFileType = sourcecode.swift; path = AppDelegate.swift; sourceTree = "<group>"; };
		DA5AF80226D654BF009BC50D /* GameScene.swift */ = {isa = PBXFileReference; lastKnownFileType = sourcecode.swift; path = GameScene.swift; sourceTree = "<group>"; };
		DA5AF80426D654BF009BC50D /* GameViewController.swift */ = {isa = PBXFileReference; lastKnownFileType = sourcecode.swift; path = GameViewController.swift; sourceTree = "<group>"; };
		DA5AF80726D654BF009BC50D /* Base */ = {isa = PBXFileReference; lastKnownFileType = file.storyboard; name = Base; path = Base.lproj/Main.storyboard; sourceTree = "<group>"; };
		DA5EFC7926E1FBE900F9BFE3 /* Assets.swift */ = {isa = PBXFileReference; lastKnownFileType = sourcecode.swift; path = Assets.swift; sourceTree = "<group>"; };
		DA5EFC7B26E2006500F9BFE3 /* MenuScene.swift */ = {isa = PBXFileReference; lastKnownFileType = sourcecode.swift; path = MenuScene.swift; sourceTree = "<group>"; };
		DA5EFC7D26E203F200F9BFE3 /* BitMaskCategory.swift */ = {isa = PBXFileReference; lastKnownFileType = sourcecode.swift; path = BitMaskCategory.swift; sourceTree = "<group>"; };
		DA5EFC7F26E4DB0400F9BFE3 /* HUD.swift */ = {isa = PBXFileReference; lastKnownFileType = sourcecode.swift; path = HUD.swift; sourceTree = "<group>"; };
		DACAE3E426E56416009012E1 /* ButtonNode.swift */ = {isa = PBXFileReference; lastKnownFileType = sourcecode.swift; path = ButtonNode.swift; sourceTree = "<group>"; };
		DACAE3E626E5FEA9009012E1 /* PauseScene.swift */ = {isa = PBXFileReference; lastKnownFileType = sourcecode.swift; path = PauseScene.swift; sourceTree = "<group>"; };
		DACAE3E826E609EF009012E1 /* SceneManager.swift */ = {isa = PBXFileReference; lastKnownFileType = sourcecode.swift; path = SceneManager.swift; sourceTree = "<group>"; };
		DACAE3EA26E6137E009012E1 /* ParentScene.swift */ = {isa = PBXFileReference; lastKnownFileType = sourcecode.swift; path = ParentScene.swift; sourceTree = "<group>"; };
		DACAE3EC26E61804009012E1 /* OptionsScene.swift */ = {isa = PBXFileReference; lastKnownFileType = sourcecode.swift; path = OptionsScene.swift; sourceTree = "<group>"; };
		DACAE3EE26E6203F009012E1 /* BestScene.swift */ = {isa = PBXFileReference; lastKnownFileType = sourcecode.swift; path = BestScene.swift; sourceTree = "<group>"; };
		DACAE3F026E62848009012E1 /* EnemyExplosion.sks */ = {isa = PBXFileReference; lastKnownFileType = file.sks; path = EnemyExplosion.sks; sourceTree = "<group>"; };
		DACAE3F126E62848009012E1 /* Assets.xcassets */ = {isa = PBXFileReference; lastKnownFileType = folder.assetcatalog; name = Assets.xcassets; path = ../Scenes/Assets.xcassets; sourceTree = "<group>"; };
		DACAE3F926E740E0009012E1 /* GameOverScene.swift */ = {isa = PBXFileReference; lastKnownFileType = sourcecode.swift; path = GameOverScene.swift; sourceTree = "<group>"; };
		DACAE40026E76174009012E1 /* hitSound.wav */ = {isa = PBXFileReference; lastKnownFileType = audio.wav; path = hitSound.wav; sourceTree = "<group>"; };
		DACAE40126E76174009012E1 /* powerUpEarned.wav */ = {isa = PBXFileReference; lastKnownFileType = audio.wav; path = powerUpEarned.wav; sourceTree = "<group>"; };
		DACAE40226E76174009012E1 /* shotSound.wav */ = {isa = PBXFileReference; lastKnownFileType = audio.wav; path = shotSound.wav; sourceTree = "<group>"; };
		DACAE40426E76174009012E1 /* damageSound.wav */ = {isa = PBXFileReference; lastKnownFileType = audio.wav; path = damageSound.wav; sourceTree = "<group>"; };
		DACAE40B26E76DF4009012E1 /* GameSettings.swift */ = {isa = PBXFileReference; lastKnownFileType = sourcecode.swift; path = GameSettings.swift; sourceTree = "<group>"; };
		DACAE40F26E7883C009012E1 /* powerUpEarned_2.wav */ = {isa = PBXFileReference; lastKnownFileType = audio.wav; path = powerUpEarned_2.wav; sourceTree = "<group>"; };
		DACAE41326E7AB22009012E1 /* backgroundMusic.mp3 */ = {isa = PBXFileReference; lastKnownFileType = audio.mp3; path = backgroundMusic.mp3; sourceTree = "<group>"; };
		DACAE41526E7ACF0009012E1 /* menuMoveSound.wav */ = {isa = PBXFileReference; lastKnownFileType = audio.wav; path = menuMoveSound.wav; sourceTree = "<group>"; };
/* End PBXFileReference section */

/* Begin PBXFrameworksBuildPhase section */
		DA5AF7F626D654BF009BC50D /* Frameworks */ = {
			isa = PBXFrameworksBuildPhase;
			buildActionMask = 2147483647;
			files = (
			);
			runOnlyForDeploymentPostprocessing = 0;
		};
/* End PBXFrameworksBuildPhase section */

/* Begin PBXGroup section */
		DA0CEBAA26E0AEF7003B1C2A /* Atlases */ = {
			isa = PBXGroup;
			children = (
				DA514F2426DC1B02006AAC33 /* PlayerPlane.atlas */,
				DA514F2C26DE3B5E006AAC33 /* Enemy_1.atlas */,
				DA514F3026DF7514006AAC33 /* Enemy_2.atlas */,
				DA0CEBA626DFB37F003B1C2A /* BluePowerUp.atlas */,
				DA0CEBA326DFB240003B1C2A /* GreenPowerUp.atlas */,
				DA0CEBA826DFFD8E003B1C2A /* YellowAmmo.atlas */,
			);
			path = Atlases;
			sourceTree = "<group>";
		};
		DA5AF7F026D654BF009BC50D = {
			isa = PBXGroup;
			children = (
				DA5AF7FB26D654BF009BC50D /* StarWars */,
				DA5AF7FA26D654BF009BC50D /* Products */,
			);
			sourceTree = "<group>";
		};
		DA5AF7FA26D654BF009BC50D /* Products */ = {
			isa = PBXGroup;
			children = (
				DA5AF7F926D654BF009BC50D /* WarFly.app */,
			);
			name = Products;
			sourceTree = "<group>";
		};
		DA5AF7FB26D654BF009BC50D /* StarWars */ = {
			isa = PBXGroup;
			children = (
				DACAE3F426E62856009012E1 /* Particles */,
				DA5EFC8626E4E28D00F9BFE3 /* Scenes */,
				DA5EFC8426E4E26800F9BFE3 /* Classes */,
				DA5EFC8526E4E27B00F9BFE3 /* Managers */,
				DA5EFC8326E4E22100F9BFE3 /* Protocols + Extensions */,
				DA5EFC8226E4E20900F9BFE3 /* Controllers */,
				DA5EFC8126E4E1FD00F9BFE3 /* Supporting files */,
				DA0CEBAA26E0AEF7003B1C2A /* Atlases */,
			);
			path = StarWars;
			sourceTree = "<group>";
		};
		DA5EFC8126E4E1FD00F9BFE3 /* Supporting files */ = {
			isa = PBXGroup;
			children = (
				DA5AF7FC26D654BF009BC50D /* AppDelegate.swift */,
				DA5AF80626D654BF009BC50D /* Main.storyboard */,
				DACAE3FF26E76174009012E1 /* sounds */,
				DACAE3F126E62848009012E1 /* Assets.xcassets */,
				DA514F3326DF8F6A006AAC33 /* Info.plist */,
			);
			path = "Supporting files";
			sourceTree = "<group>";
		};
		DA5EFC8226E4E20900F9BFE3 /* Controllers */ = {
			isa = PBXGroup;
			children = (
				DA5AF80426D654BF009BC50D /* GameViewController.swift */,
			);
			path = Controllers;
			sourceTree = "<group>";
		};
		DA5EFC8326E4E22100F9BFE3 /* Protocols + Extensions */ = {
			isa = PBXGroup;
			children = (
				DA514F2626DCB93D006AAC33 /* Protocol GameBackgroundSpriteable + Extesion.swift */,
			);
			path = "Protocols + Extensions";
			sourceTree = "<group>";
		};
		DA5EFC8426E4E26800F9BFE3 /* Classes */ = {
			isa = PBXGroup;
			children = (
				DA5EFC7F26E4DB0400F9BFE3 /* HUD.swift */,
				DA0CEBAD26E0B104003B1C2A /* YellowAmmo.swift */,
				DA514F2E26DE41AB006AAC33 /* Enemy.swift */,
				DA514F1E26DACE09006AAC33 /* Island.swift */,
				DA514F2A26DD0C52006AAC33 /* PowerUp.swift */,
				DA0CEBAB26E0AF18003B1C2A /* Shot.swift */,
				DA514F3526DFABFF006AAC33 /* BluePowerUp.swift */,
				DA514F3726DFAC08006AAC33 /* GreenPowerUp.swift */,
				DA514F2026DBFE38006AAC33 /* Cloud.swift */,
				DA514F2226DC1A4D006AAC33 /* PlayerPlane.swift */,
				DA514F1C26D973D6006AAC33 /* Background.swift */,
				DACAE3E426E56416009012E1 /* ButtonNode.swift */,
			);
			path = Classes;
			sourceTree = "<group>";
		};
		DA5EFC8526E4E27B00F9BFE3 /* Managers */ = {
			isa = PBXGroup;
			children = (
				DA5EFC7926E1FBE900F9BFE3 /* Assets.swift */,
				DA5EFC7D26E203F200F9BFE3 /* BitMaskCategory.swift */,
				DACAE3E826E609EF009012E1 /* SceneManager.swift */,
				DACAE40B26E76DF4009012E1 /* GameSettings.swift */,
			);
			path = Managers;
			sourceTree = "<group>";
		};
		DA5EFC8626E4E28D00F9BFE3 /* Scenes */ = {
			isa = PBXGroup;
			children = (
				DACAE3EA26E6137E009012E1 /* ParentScene.swift */,
				DACAE3E626E5FEA9009012E1 /* PauseScene.swift */,
				DACAE3EC26E61804009012E1 /* OptionsScene.swift */,
				DACAE3EE26E6203F009012E1 /* BestScene.swift */,
				DA5AF80226D654BF009BC50D /* GameScene.swift */,
				DACAE3F926E740E0009012E1 /* GameOverScene.swift */,
				DA5EFC7B26E2006500F9BFE3 /* MenuScene.swift */,
			);
			path = Scenes;
			sourceTree = "<group>";
		};
		DACAE3F426E62856009012E1 /* Particles */ = {
			isa = PBXGroup;
			children = (
				DACAE3F026E62848009012E1 /* EnemyExplosion.sks */,
			);
			path = Particles;
			sourceTree = "<group>";
		};
		DACAE3FF26E76174009012E1 /* sounds */ = {
			isa = PBXGroup;
			children = (
				DACAE40026E76174009012E1 /* hitSound.wav */,
				DACAE41326E7AB22009012E1 /* backgroundMusic.mp3 */,
				DACAE41526E7ACF0009012E1 /* menuMoveSound.wav */,
				DACAE40F26E7883C009012E1 /* powerUpEarned_2.wav */,
				DACAE40126E76174009012E1 /* powerUpEarned.wav */,
				DACAE40226E76174009012E1 /* shotSound.wav */,
				DACAE40426E76174009012E1 /* damageSound.wav */,
			);
			path = sounds;
			sourceTree = "<group>";
		};
/* End PBXGroup section */

/* Begin PBXNativeTarget section */
		DA5AF7F826D654BF009BC50D /* WarFly */ = {
			isa = PBXNativeTarget;
			buildConfigurationList = DA5AF80E26D654C0009BC50D /* Build configuration list for PBXNativeTarget "WarFly" */;
			buildPhases = (
				DA5AF7F526D654BF009BC50D /* Sources */,
				DA5AF7F626D654BF009BC50D /* Frameworks */,
				DA5AF7F726D654BF009BC50D /* Resources */,
			);
			buildRules = (
			);
			dependencies = (
			);
			name = WarFly;
			productName = StarWars;
			productReference = DA5AF7F926D654BF009BC50D /* WarFly.app */;
			productType = "com.apple.product-type.application";
		};
/* End PBXNativeTarget section */

/* Begin PBXProject section */
		DA5AF7F126D654BF009BC50D /* Project object */ = {
			isa = PBXProject;
			attributes = {
				LastSwiftUpdateCheck = 1250;
				LastUpgradeCheck = 1250;
				TargetAttributes = {
					DA5AF7F826D654BF009BC50D = {
						CreatedOnToolsVersion = 12.5.1;
					};
				};
			};
			buildConfigurationList = DA5AF7F426D654BF009BC50D /* Build configuration list for PBXProject "WarFly" */;
			compatibilityVersion = "Xcode 9.3";
			developmentRegion = en;
			hasScannedForEncodings = 0;
			knownRegions = (
				en,
				Base,
			);
			mainGroup = DA5AF7F026D654BF009BC50D;
			productRefGroup = DA5AF7FA26D654BF009BC50D /* Products */;
			projectDirPath = "";
			projectRoot = "";
			targets = (
				DA5AF7F826D654BF009BC50D /* WarFly */,
			);
		};
/* End PBXProject section */

/* Begin PBXResourcesBuildPhase section */
		DA5AF7F726D654BF009BC50D /* Resources */ = {
			isa = PBXResourcesBuildPhase;
			buildActionMask = 2147483647;
			files = (
				DA514F2526DC1B02006AAC33 /* PlayerPlane.atlas in Resources */,
				DACAE3F226E62848009012E1 /* EnemyExplosion.sks in Resources */,
				DA0CEBA926DFFD8E003B1C2A /* YellowAmmo.atlas in Resources */,
				DA0CEBA726DFB37F003B1C2A /* BluePowerUp.atlas in Resources */,
				DACAE40726E76174009012E1 /* shotSound.wav in Resources */,
				DACAE3F326E62848009012E1 /* Assets.xcassets in Resources */,
				DA5AF80826D654BF009BC50D /* Main.storyboard in Resources */,
				DACAE40526E76174009012E1 /* hitSound.wav in Resources */,
				DACAE40926E76174009012E1 /* damageSound.wav in Resources */,
				DA514F3126DF7514006AAC33 /* Enemy_2.atlas in Resources */,
				DACAE41026E7883C009012E1 /* powerUpEarned_2.wav in Resources */,
				DACAE41426E7AB22009012E1 /* backgroundMusic.mp3 in Resources */,
				DA0CEBA426DFB240003B1C2A /* GreenPowerUp.atlas in Resources */,
				DACAE41626E7ACF0009012E1 /* menuMoveSound.wav in Resources */,
				DACAE40626E76174009012E1 /* powerUpEarned.wav in Resources */,
				DA514F2D26DE3B5E006AAC33 /* Enemy_1.atlas in Resources */,
			);
			runOnlyForDeploymentPostprocessing = 0;
		};
/* End PBXResourcesBuildPhase section */

/* Begin PBXSourcesBuildPhase section */
		DA5AF7F526D654BF009BC50D /* Sources */ = {
			isa = PBXSourcesBuildPhase;
			buildActionMask = 2147483647;
			files = (
				DA5AF80326D654BF009BC50D /* GameScene.swift in Sources */,
				DA514F2326DC1A4D006AAC33 /* PlayerPlane.swift in Sources */,
				DACAE40C26E76DF4009012E1 /* GameSettings.swift in Sources */,
				DA514F2126DBFE38006AAC33 /* Cloud.swift in Sources */,
				DA5AF80526D654BF009BC50D /* GameViewController.swift in Sources */,
				DA514F3626DFABFF006AAC33 /* BluePowerUp.swift in Sources */,
				DA5AF7FD26D654BF009BC50D /* AppDelegate.swift in Sources */,
				DA514F1F26DACE09006AAC33 /* Island.swift in Sources */,
				DA514F2F26DE41AB006AAC33 /* Enemy.swift in Sources */,
				DA5EFC7A26E1FBE900F9BFE3 /* Assets.swift in Sources */,
				DA514F3826DFAC08006AAC33 /* GreenPowerUp.swift in Sources */,
				DACAE3FA26E740E0009012E1 /* GameOverScene.swift in Sources */,
				DACAE3E926E609EF009012E1 /* SceneManager.swift in Sources */,
				DA514F2726DCB93D006AAC33 /* Protocol GameBackgroundSpriteable + Extesion.swift in Sources */,
				DA514F2B26DD0C52006AAC33 /* PowerUp.swift in Sources */,
				DA0CEBAC26E0AF18003B1C2A /* Shot.swift in Sources */,
				DACAE3EF26E6203F009012E1 /* BestScene.swift in Sources */,
				DA5EFC7E26E203F200F9BFE3 /* BitMaskCategory.swift in Sources */,
				DA5EFC7C26E2006500F9BFE3 /* MenuScene.swift in Sources */,
				DACAE3EB26E6137E009012E1 /* ParentScene.swift in Sources */,
				DACAE3E726E5FEA9009012E1 /* PauseScene.swift in Sources */,
				DA5EFC8026E4DB0400F9BFE3 /* HUD.swift in Sources */,
				DA514F1D26D973D6006AAC33 /* Background.swift in Sources */,
				DA0CEBAE26E0B104003B1C2A /* YellowAmmo.swift in Sources */,
				DACAE3E526E56416009012E1 /* ButtonNode.swift in Sources */,
				DACAE3ED26E61804009012E1 /* OptionsScene.swift in Sources */,
			);
			runOnlyForDeploymentPostprocessing = 0;
		};
/* End PBXSourcesBuildPhase section */

/* Begin PBXVariantGroup section */
		DA5AF80626D654BF009BC50D /* Main.storyboard */ = {
			isa = PBXVariantGroup;
			children = (
				DA5AF80726D654BF009BC50D /* Base */,
			);
			name = Main.storyboard;
			sourceTree = "<group>";
		};
/* End PBXVariantGroup section */

/* Begin XCBuildConfiguration section */
		DA5AF80C26D654C0009BC50D /* Debug */ = {
			isa = XCBuildConfiguration;
			buildSettings = {
				ALWAYS_SEARCH_USER_PATHS = NO;
				CLANG_ANALYZER_NONNULL = YES;
				CLANG_ANALYZER_NUMBER_OBJECT_CONVERSION = YES_AGGRESSIVE;
				CLANG_CXX_LANGUAGE_STANDARD = "gnu++14";
				CLANG_CXX_LIBRARY = "libc++";
				CLANG_ENABLE_MODULES = YES;
				CLANG_ENABLE_OBJC_ARC = YES;
				CLANG_ENABLE_OBJC_WEAK = YES;
				CLANG_WARN_BLOCK_CAPTURE_AUTORELEASING = YES;
				CLANG_WARN_BOOL_CONVERSION = YES;
				CLANG_WARN_COMMA = YES;
				CLANG_WARN_CONSTANT_CONVERSION = YES;
				CLANG_WARN_DEPRECATED_OBJC_IMPLEMENTATIONS = YES;
				CLANG_WARN_DIRECT_OBJC_ISA_USAGE = YES_ERROR;
				CLANG_WARN_DOCUMENTATION_COMMENTS = YES;
				CLANG_WARN_EMPTY_BODY = YES;
				CLANG_WARN_ENUM_CONVERSION = YES;
				CLANG_WARN_INFINITE_RECURSION = YES;
				CLANG_WARN_INT_CONVERSION = YES;
				CLANG_WARN_NON_LITERAL_NULL_CONVERSION = YES;
				CLANG_WARN_OBJC_IMPLICIT_RETAIN_SELF = YES;
				CLANG_WARN_OBJC_LITERAL_CONVERSION = YES;
				CLANG_WARN_OBJC_ROOT_CLASS = YES_ERROR;
				CLANG_WARN_QUOTED_INCLUDE_IN_FRAMEWORK_HEADER = YES;
				CLANG_WARN_RANGE_LOOP_ANALYSIS = YES;
				CLANG_WARN_STRICT_PROTOTYPES = YES;
				CLANG_WARN_SUSPICIOUS_MOVE = YES;
				CLANG_WARN_UNGUARDED_AVAILABILITY = YES_AGGRESSIVE;
				CLANG_WARN_UNREACHABLE_CODE = YES;
				CLANG_WARN__DUPLICATE_METHOD_MATCH = YES;
				COPY_PHASE_STRIP = NO;
				DEBUG_INFORMATION_FORMAT = dwarf;
				ENABLE_STRICT_OBJC_MSGSEND = YES;
				ENABLE_TESTABILITY = YES;
				GCC_C_LANGUAGE_STANDARD = gnu11;
				GCC_DYNAMIC_NO_PIC = NO;
				GCC_NO_COMMON_BLOCKS = YES;
				GCC_OPTIMIZATION_LEVEL = 0;
				GCC_PREPROCESSOR_DEFINITIONS = (
					"DEBUG=1",
					"$(inherited)",
				);
				GCC_WARN_64_TO_32_BIT_CONVERSION = YES;
				GCC_WARN_ABOUT_RETURN_TYPE = YES_ERROR;
				GCC_WARN_UNDECLARED_SELECTOR = YES;
				GCC_WARN_UNINITIALIZED_AUTOS = YES_AGGRESSIVE;
				GCC_WARN_UNUSED_FUNCTION = YES;
				GCC_WARN_UNUSED_VARIABLE = YES;
				IPHONEOS_DEPLOYMENT_TARGET = 14.5;
				MTL_ENABLE_DEBUG_INFO = INCLUDE_SOURCE;
				MTL_FAST_MATH = YES;
				ONLY_ACTIVE_ARCH = YES;
				SDKROOT = iphoneos;
				SWIFT_ACTIVE_COMPILATION_CONDITIONS = DEBUG;
				SWIFT_OPTIMIZATION_LEVEL = "-Onone";
			};
			name = Debug;
		};
		DA5AF80D26D654C0009BC50D /* Release */ = {
			isa = XCBuildConfiguration;
			buildSettings = {
				ALWAYS_SEARCH_USER_PATHS = NO;
				CLANG_ANALYZER_NONNULL = YES;
				CLANG_ANALYZER_NUMBER_OBJECT_CONVERSION = YES_AGGRESSIVE;
				CLANG_CXX_LANGUAGE_STANDARD = "gnu++14";
				CLANG_CXX_LIBRARY = "libc++";
				CLANG_ENABLE_MODULES = YES;
				CLANG_ENABLE_OBJC_ARC = YES;
				CLANG_ENABLE_OBJC_WEAK = YES;
				CLANG_WARN_BLOCK_CAPTURE_AUTORELEASING = YES;
				CLANG_WARN_BOOL_CONVERSION = YES;
				CLANG_WARN_COMMA = YES;
				CLANG_WARN_CONSTANT_CONVERSION = YES;
				CLANG_WARN_DEPRECATED_OBJC_IMPLEMENTATIONS = YES;
				CLANG_WARN_DIRECT_OBJC_ISA_USAGE = YES_ERROR;
				CLANG_WARN_DOCUMENTATION_COMMENTS = YES;
				CLANG_WARN_EMPTY_BODY = YES;
				CLANG_WARN_ENUM_CONVERSION = YES;
				CLANG_WARN_INFINITE_RECURSION = YES;
				CLANG_WARN_INT_CONVERSION = YES;
				CLANG_WARN_NON_LITERAL_NULL_CONVERSION = YES;
				CLANG_WARN_OBJC_IMPLICIT_RETAIN_SELF = YES;
				CLANG_WARN_OBJC_LITERAL_CONVERSION = YES;
				CLANG_WARN_OBJC_ROOT_CLASS = YES_ERROR;
				CLANG_WARN_QUOTED_INCLUDE_IN_FRAMEWORK_HEADER = YES;
				CLANG_WARN_RANGE_LOOP_ANALYSIS = YES;
				CLANG_WARN_STRICT_PROTOTYPES = YES;
				CLANG_WARN_SUSPICIOUS_MOVE = YES;
				CLANG_WARN_UNGUARDED_AVAILABILITY = YES_AGGRESSIVE;
				CLANG_WARN_UNREACHABLE_CODE = YES;
				CLANG_WARN__DUPLICATE_METHOD_MATCH = YES;
				COPY_PHASE_STRIP = NO;
				DEBUG_INFORMATION_FORMAT = "dwarf-with-dsym";
				ENABLE_NS_ASSERTIONS = NO;
				ENABLE_STRICT_OBJC_MSGSEND = YES;
				GCC_C_LANGUAGE_STANDARD = gnu11;
				GCC_NO_COMMON_BLOCKS = YES;
				GCC_WARN_64_TO_32_BIT_CONVERSION = YES;
				GCC_WARN_ABOUT_RETURN_TYPE = YES_ERROR;
				GCC_WARN_UNDECLARED_SELECTOR = YES;
				GCC_WARN_UNINITIALIZED_AUTOS = YES_AGGRESSIVE;
				GCC_WARN_UNUSED_FUNCTION = YES;
				GCC_WARN_UNUSED_VARIABLE = YES;
				IPHONEOS_DEPLOYMENT_TARGET = 14.5;
				MTL_ENABLE_DEBUG_INFO = NO;
				MTL_FAST_MATH = YES;
				SDKROOT = iphoneos;
				SWIFT_COMPILATION_MODE = wholemodule;
				SWIFT_OPTIMIZATION_LEVEL = "-O";
				VALIDATE_PRODUCT = YES;
			};
			name = Release;
		};
		DA5AF80F26D654C0009BC50D /* Debug */ = {
			isa = XCBuildConfiguration;
			buildSettings = {
				ASSETCATALOG_COMPILER_APPICON_NAME = AppIcon;
				ASSETCATALOG_COMPILER_GLOBAL_ACCENT_COLOR_NAME = AccentColor;
				CODE_SIGN_STYLE = Automatic;
				DEVELOPMENT_TEAM = KG89CXC5J4;
				INFOPLIST_FILE = "$(SRCROOT)/StarWars/Supporting files/Info.plist";
				LD_RUNPATH_SEARCH_PATHS = (
					"$(inherited)",
					"@executable_path/Frameworks",
				);
				PRODUCT_BUNDLE_IDENTIFIER = mttm1249.WarFly;
				PRODUCT_NAME = "$(TARGET_NAME)";
				SWIFT_VERSION = 5.0;
				TARGETED_DEVICE_FAMILY = "1,2";
			};
			name = Debug;
		};
		DA5AF81026D654C0009BC50D /* Release */ = {
			isa = XCBuildConfiguration;
			buildSettings = {
				ASSETCATALOG_COMPILER_APPICON_NAME = AppIcon;
				ASSETCATALOG_COMPILER_GLOBAL_ACCENT_COLOR_NAME = AccentColor;
				CODE_SIGN_STYLE = Automatic;
				DEVELOPMENT_TEAM = KG89CXC5J4;
				INFOPLIST_FILE = "$(SRCROOT)/StarWars/Supporting files/Info.plist";
				LD_RUNPATH_SEARCH_PATHS = (
					"$(inherited)",
					"@executable_path/Frameworks",
				);
				PRODUCT_BUNDLE_IDENTIFIER = mttm1249.WarFly;
				PRODUCT_NAME = "$(TARGET_NAME)";
				SWIFT_VERSION = 5.0;
				TARGETED_DEVICE_FAMILY = "1,2";
			};
			name = Release;
		};
/* End XCBuildConfiguration section */

/* Begin XCConfigurationList section */
		DA5AF7F426D654BF009BC50D /* Build configuration list for PBXProject "WarFly" */ = {
			isa = XCConfigurationList;
			buildConfigurations = (
				DA5AF80C26D654C0009BC50D /* Debug */,
				DA5AF80D26D654C0009BC50D /* Release */,
			);
			defaultConfigurationIsVisible = 0;
			defaultConfigurationName = Release;
		};
		DA5AF80E26D654C0009BC50D /* Build configuration list for PBXNativeTarget "WarFly" */ = {
			isa = XCConfigurationList;
			buildConfigurations = (
				DA5AF80F26D654C0009BC50D /* Debug */,
				DA5AF81026D654C0009BC50D /* Release */,
			);
			defaultConfigurationIsVisible = 0;
			defaultConfigurationName = Release;
		};
/* End XCConfigurationList section */
	};
	rootObject = DA5AF7F126D654BF009BC50D /* Project object */;
}
